id: simpleMIMO_svd_precoder
label: svd_precoder
category: '[simpleMIMO]'

templates:
  imports: import simpleMIMO
  make: simpleMIMO.svd_precoder()

#  Make one 'parameters' list entry for every parameter you want settable from the GUI.
#     Keys include:
#     * id (makes the value accessible as keyname, e.g. in the make entry)
#     * label (label shown in the GUI)
#     * dtype (e.g. int, float, complex, byte, short, xxx_vector, ...)
#     * default
parameters:
# - id: parametername_replace_me
#   label: FIX ME:
#   dtype: string
#   default: You need to fill in your grc/simpleMIMO_svd_precoder.block.yaml
#- id: ...
#  label: ...
#  dtype: ...

#  Make one 'inputs' list entry per input and one 'outputs' list entry per output.
#  Keys include:
#      * label (an identifier for the GUI)
#      * domain (optional - stream or message. Default is stream)
#      * dtype (e.g. int, float, complex, byte, short, xxx_vector, ...)
#      * vlen (optional - data stream vector length. Default is 1)
#      * optional (optional - set to 1 for optional inputs. Default is 0)
inputs:
- label: in0
  dtype: complex
- label: in1
  dtype: complex
- label: h00
  dtype: complex
- label: h01
  dtype: complex
- label: h10
  dtype: complex
- label: h11
  dtype: complex

outputs:
- label: out0
  dtype: complex
- label: out1
  dtype: complex


#  'file_format' specifies the version of the GRC yml format used in the file
#  and should usually not be changed.
file_format: 1
